
Microsoft Visual Studio Solution File, Format Version 12.00
# Visual Studio Version 17
VisualStudioVersion = 17.4.33122.133
MinimumVisualStudioVersion = 10.0.40219.1
Project("{9A19103F-16F7-4668-BE54-9A1E7A4F7556}") = "PoroConsultor", "PoroConsultor\PoroConsultor.csproj", "{0FD61CDB-2E8F-447E-895F-6A741977D664}"
EndProject
Global
	GlobalSection(SolutionConfigurationPlatforms) = preSolution
		Debug|Any CPU = Debug|Any CPU
		Release|Any CPU = Release|Any CPU
	EndGlobalSection
	GlobalSection(ProjectConfigurationPlatforms) = postSolution
		{0FD61CDB-2E8F-447E-895F-6A741977D664}.Debug|Any CPU.ActiveCfg = Debug|Any CPU
		{0FD61CDB-2E8F-447E-895F-6A741977D664}.Debug|Any CPU.Build.0 = Debug|Any CPU
		{0FD61CDB-2E8F-447E-895F-6A741977D664}.Release|Any CPU.ActiveCfg = Release|Any CPU
		{0FD61CDB-2E8F-447E-895F-6A741977D664}.Release|Any CPU.Build.0 = Release|Any CPU
	EndGlobalSection
	GlobalSection(SolutionProperties) = preSolution
		HideSolutionNode = FALSE
	EndGlobalSection
	GlobalSection(ExtensibilityGlobals) = postSolution
		SolutionGuid = {2252E7A0-A021-4557-93A9-19000EB046B3}
	EndGlobalSection
EndGlobal
